// !$*UTF8*$!
{
	archiveVersion = 1;
	classes = {
	};
	objectVersion = 50;
	objects = {

/* Begin PBXBuildFile section */
		3227912F232D30BE00E089E4 /* CustomSelectionButtons.xib in Resources */ = {isa = PBXBuildFile; fileRef = 3227912E232D30BE00E089E4 /* CustomSelectionButtons.xib */; };
		32279131232D313100E089E4 /* CustomSelectionButtonsView.swift in Sources */ = {isa = PBXBuildFile; fileRef = 32279130232D313100E089E4 /* CustomSelectionButtonsView.swift */; };
		3228AF2D232C124000FF43D8 /* NewYorkMedium-HeavyItalic.otf in Resources */ = {isa = PBXBuildFile; fileRef = 3228AEFD232C123700FF43D8 /* NewYorkMedium-HeavyItalic.otf */; };
		3228AF2E232C124000FF43D8 /* NewYorkLarge-RegularItalic.otf in Resources */ = {isa = PBXBuildFile; fileRef = 3228AEFE232C123800FF43D8 /* NewYorkLarge-RegularItalic.otf */; };
		3228AF2F232C124000FF43D8 /* NewYorkSmall-Black.otf in Resources */ = {isa = PBXBuildFile; fileRef = 3228AEFF232C123800FF43D8 /* NewYorkSmall-Black.otf */; };
		3228AF30232C124000FF43D8 /* NewYorkSmall-BlackItalic.otf in Resources */ = {isa = PBXBuildFile; fileRef = 3228AF00232C123800FF43D8 /* NewYorkSmall-BlackItalic.otf */; };
		3228AF31232C124000FF43D8 /* NewYorkExtraLarge-Heavy.otf in Resources */ = {isa = PBXBuildFile; fileRef = 3228AF01232C123800FF43D8 /* NewYorkExtraLarge-Heavy.otf */; };
		3228AF32232C124000FF43D8 /* NewYorkExtraLarge-Semibold.otf in Resources */ = {isa = PBXBuildFile; fileRef = 3228AF02232C123800FF43D8 /* NewYorkExtraLarge-Semibold.otf */; };
		3228AF33232C124000FF43D8 /* NewYorkExtraLarge-Regular.otf in Resources */ = {isa = PBXBuildFile; fileRef = 3228AF03232C123800FF43D8 /* NewYorkExtraLarge-Regular.otf */; };
		3228AF34232C124000FF43D8 /* NewYorkLarge-SemiboldItalic.otf in Resources */ = {isa = PBXBuildFile; fileRef = 3228AF04232C123800FF43D8 /* NewYorkLarge-SemiboldItalic.otf */; };
		3228AF35232C124000FF43D8 /* NewYorkLarge-HeavyItalic.otf in Resources */ = {isa = PBXBuildFile; fileRef = 3228AF05232C123800FF43D8 /* NewYorkLarge-HeavyItalic.otf */; };
		3228AF36232C124000FF43D8 /* NewYorkMedium-Semibold.otf in Resources */ = {isa = PBXBuildFile; fileRef = 3228AF06232C123800FF43D8 /* NewYorkMedium-Semibold.otf */; };
		3228AF37232C124000FF43D8 /* NewYorkMedium-Heavy.otf in Resources */ = {isa = PBXBuildFile; fileRef = 3228AF07232C123800FF43D8 /* NewYorkMedium-Heavy.otf */; };
		3228AF38232C124000FF43D8 /* NewYorkExtraLarge-RegularItalic.otf in Resources */ = {isa = PBXBuildFile; fileRef = 3228AF08232C123800FF43D8 /* NewYorkExtraLarge-RegularItalic.otf */; };
		3228AF39232C124000FF43D8 /* NewYorkLarge-Black.otf in Resources */ = {isa = PBXBuildFile; fileRef = 3228AF09232C123800FF43D8 /* NewYorkLarge-Black.otf */; };
		3228AF3A232C124000FF43D8 /* NewYorkLarge-Bold.otf in Resources */ = {isa = PBXBuildFile; fileRef = 3228AF0A232C123900FF43D8 /* NewYorkLarge-Bold.otf */; };
		3228AF3B232C124000FF43D8 /* NewYorkLarge-BlackItalic.otf in Resources */ = {isa = PBXBuildFile; fileRef = 3228AF0B232C123900FF43D8 /* NewYorkLarge-BlackItalic.otf */; };
		3228AF3C232C124000FF43D8 /* NewYorkLarge-Regular.otf in Resources */ = {isa = PBXBuildFile; fileRef = 3228AF0C232C123900FF43D8 /* NewYorkLarge-Regular.otf */; };
		3228AF3D232C124000FF43D8 /* NewYorkExtraLarge-HeavyItalic.otf in Resources */ = {isa = PBXBuildFile; fileRef = 3228AF0D232C123900FF43D8 /* NewYorkExtraLarge-HeavyItalic.otf */; };
		3228AF3E232C124000FF43D8 /* NewYorkMedium-Bold.otf in Resources */ = {isa = PBXBuildFile; fileRef = 3228AF0E232C123900FF43D8 /* NewYorkMedium-Bold.otf */; };
		3228AF3F232C124000FF43D8 /* NewYorkMedium-BoldItalic.otf in Resources */ = {isa = PBXBuildFile; fileRef = 3228AF0F232C123900FF43D8 /* NewYorkMedium-BoldItalic.otf */; };
		3228AF40232C124000FF43D8 /* NewYorkExtraLarge-SemiboldItalic.otf in Resources */ = {isa = PBXBuildFile; fileRef = 3228AF10232C123A00FF43D8 /* NewYorkExtraLarge-SemiboldItalic.otf */; };
		3228AF41232C124000FF43D8 /* NewYorkMedium-Medium.otf in Resources */ = {isa = PBXBuildFile; fileRef = 3228AF11232C123A00FF43D8 /* NewYorkMedium-Medium.otf */; };
		3228AF42232C124000FF43D8 /* NewYorkLarge-MediumItalic.otf in Resources */ = {isa = PBXBuildFile; fileRef = 3228AF12232C123A00FF43D8 /* NewYorkLarge-MediumItalic.otf */; };
		3228AF43232C124000FF43D8 /* NewYorkMedium-MediumItalic.otf in Resources */ = {isa = PBXBuildFile; fileRef = 3228AF13232C123A00FF43D8 /* NewYorkMedium-MediumItalic.otf */; };
		3228AF44232C124000FF43D8 /* NewYorkLarge-Medium.otf in Resources */ = {isa = PBXBuildFile; fileRef = 3228AF14232C123A00FF43D8 /* NewYorkLarge-Medium.otf */; };
		3228AF45232C124000FF43D8 /* NewYorkExtraLarge-Medium.otf in Resources */ = {isa = PBXBuildFile; fileRef = 3228AF15232C123B00FF43D8 /* NewYorkExtraLarge-Medium.otf */; };
		3228AF46232C124000FF43D8 /* NewYorkLarge-Semibold.otf in Resources */ = {isa = PBXBuildFile; fileRef = 3228AF16232C123B00FF43D8 /* NewYorkLarge-Semibold.otf */; };
		3228AF47232C124000FF43D8 /* NewYorkLarge-BoldItalic.otf in Resources */ = {isa = PBXBuildFile; fileRef = 3228AF17232C123B00FF43D8 /* NewYorkLarge-BoldItalic.otf */; };
		3228AF48232C124000FF43D8 /* NewYorkMedium-RegularItalic.otf in Resources */ = {isa = PBXBuildFile; fileRef = 3228AF18232C123B00FF43D8 /* NewYorkMedium-RegularItalic.otf */; };
		3228AF49232C124000FF43D8 /* NewYorkMedium-Regular.otf in Resources */ = {isa = PBXBuildFile; fileRef = 3228AF19232C123B00FF43D8 /* NewYorkMedium-Regular.otf */; };
		3228AF4A232C124000FF43D8 /* NewYorkSmall-BoldItalic.otf in Resources */ = {isa = PBXBuildFile; fileRef = 3228AF1A232C123B00FF43D8 /* NewYorkSmall-BoldItalic.otf */; };
		3228AF4B232C124000FF43D8 /* NewYorkSmall-Heavy.otf in Resources */ = {isa = PBXBuildFile; fileRef = 3228AF1B232C123C00FF43D8 /* NewYorkSmall-Heavy.otf */; };
		3228AF4C232C124000FF43D8 /* NewYorkSmall-MediumItalic.otf in Resources */ = {isa = PBXBuildFile; fileRef = 3228AF1C232C123C00FF43D8 /* NewYorkSmall-MediumItalic.otf */; };
		3228AF4D232C124000FF43D8 /* NewYorkExtraLarge-BoldItalic.otf in Resources */ = {isa = PBXBuildFile; fileRef = 3228AF1D232C123C00FF43D8 /* NewYorkExtraLarge-BoldItalic.otf */; };
		3228AF4E232C124000FF43D8 /* NewYorkExtraLarge-Black.otf in Resources */ = {isa = PBXBuildFile; fileRef = 3228AF1E232C123C00FF43D8 /* NewYorkExtraLarge-Black.otf */; };
		3228AF4F232C124000FF43D8 /* NewYorkExtraLarge-Bold.otf in Resources */ = {isa = PBXBuildFile; fileRef = 3228AF1F232C123C00FF43D8 /* NewYorkExtraLarge-Bold.otf */; };
		3228AF50232C124000FF43D8 /* NewYorkMedium-Black.otf in Resources */ = {isa = PBXBuildFile; fileRef = 3228AF20232C123D00FF43D8 /* NewYorkMedium-Black.otf */; };
		3228AF51232C124000FF43D8 /* NewYorkSmall-Bold.otf in Resources */ = {isa = PBXBuildFile; fileRef = 3228AF21232C123D00FF43D8 /* NewYorkSmall-Bold.otf */; };
		3228AF52232C124000FF43D8 /* NewYorkMedium-BlackItalic.otf in Resources */ = {isa = PBXBuildFile; fileRef = 3228AF22232C123D00FF43D8 /* NewYorkMedium-BlackItalic.otf */; };
		3228AF53232C124000FF43D8 /* NewYorkSmall-HeavyItalic.otf in Resources */ = {isa = PBXBuildFile; fileRef = 3228AF23232C123D00FF43D8 /* NewYorkSmall-HeavyItalic.otf */; };
		3228AF54232C124000FF43D8 /* NewYorkSmall-Medium.otf in Resources */ = {isa = PBXBuildFile; fileRef = 3228AF24232C123D00FF43D8 /* NewYorkSmall-Medium.otf */; };
		3228AF55232C124000FF43D8 /* NewYorkExtraLarge-BlackItalic.otf in Resources */ = {isa = PBXBuildFile; fileRef = 3228AF25232C123E00FF43D8 /* NewYorkExtraLarge-BlackItalic.otf */; };
		3228AF56232C124000FF43D8 /* NewYorkMedium-SemiboldItalic.otf in Resources */ = {isa = PBXBuildFile; fileRef = 3228AF26232C123E00FF43D8 /* NewYorkMedium-SemiboldItalic.otf */; };
		3228AF57232C124000FF43D8 /* NewYorkSmall-Regular.otf in Resources */ = {isa = PBXBuildFile; fileRef = 3228AF27232C123E00FF43D8 /* NewYorkSmall-Regular.otf */; };
		3228AF58232C124000FF43D8 /* NewYorkLarge-Heavy.otf in Resources */ = {isa = PBXBuildFile; fileRef = 3228AF28232C123E00FF43D8 /* NewYorkLarge-Heavy.otf */; };
		3228AF59232C124000FF43D8 /* NewYorkSmall-RegularItalic.otf in Resources */ = {isa = PBXBuildFile; fileRef = 3228AF29232C123E00FF43D8 /* NewYorkSmall-RegularItalic.otf */; };
		3228AF5A232C124000FF43D8 /* NewYorkSmall-Semibold.otf in Resources */ = {isa = PBXBuildFile; fileRef = 3228AF2A232C123F00FF43D8 /* NewYorkSmall-Semibold.otf */; };
		3228AF5B232C124000FF43D8 /* NewYorkSmall-SemiboldItalic.otf in Resources */ = {isa = PBXBuildFile; fileRef = 3228AF2B232C123F00FF43D8 /* NewYorkSmall-SemiboldItalic.otf */; };
		3228AF5C232C124000FF43D8 /* NewYorkExtraLarge-MediumItalic.otf in Resources */ = {isa = PBXBuildFile; fileRef = 3228AF2C232C123F00FF43D8 /* NewYorkExtraLarge-MediumItalic.otf */; };
		3228AF5F232C133A00FF43D8 /* CustomSelectionButtons.swift in Sources */ = {isa = PBXBuildFile; fileRef = 3228AF5E232C133A00FF43D8 /* CustomSelectionButtons.swift */; };
		3256DF87234DAF6000CBDE38 /* PopUpViewUI.swift in Sources */ = {isa = PBXBuildFile; fileRef = 3256DF86234DAF6000CBDE38 /* PopUpViewUI.swift */; };
		3256DF8B234DD11100CBDE38 /* Expenditure.swift in Sources */ = {isa = PBXBuildFile; fileRef = 3256DF8A234DD11100CBDE38 /* Expenditure.swift */; };
		3272622C2331A3100058D1AA /* SpendingsTableViewCell.swift in Sources */ = {isa = PBXBuildFile; fileRef = 3272622B2331A3100058D1AA /* SpendingsTableViewCell.swift */; };
		327CBBD623631E6400778914 /* Summary.storyboard in Resources */ = {isa = PBXBuildFile; fileRef = 327CBBD523631E6400778914 /* Summary.storyboard */; };
		327CBBD92363246100778914 /* SummaryViewController.swift in Sources */ = {isa = PBXBuildFile; fileRef = 327CBBD82363246100778914 /* SummaryViewController.swift */; };
		32D0C804234DA15400185EE2 /* PopUpView.swift in Sources */ = {isa = PBXBuildFile; fileRef = 32D0C803234DA15400185EE2 /* PopUpView.swift */; };
		32D0C806234DABF800185EE2 /* PopUpViewUI.xib in Resources */ = {isa = PBXBuildFile; fileRef = 32D0C805234DABF800185EE2 /* PopUpViewUI.xib */; };
		32E0924F232BED38000F6099 /* AppDelegate.swift in Sources */ = {isa = PBXBuildFile; fileRef = 32E0924E232BED38000F6099 /* AppDelegate.swift */; };
		32E09251232BED38000F6099 /* SceneDelegate.swift in Sources */ = {isa = PBXBuildFile; fileRef = 32E09250232BED38000F6099 /* SceneDelegate.swift */; };
		32E09253232BED38000F6099 /* ExpenditureViewController.swift in Sources */ = {isa = PBXBuildFile; fileRef = 32E09252232BED38000F6099 /* ExpenditureViewController.swift */; };
		32E09256232BED38000F6099 /* Main.storyboard in Resources */ = {isa = PBXBuildFile; fileRef = 32E09254232BED38000F6099 /* Main.storyboard */; };
		32E09258232BED3B000F6099 /* Assets.xcassets in Resources */ = {isa = PBXBuildFile; fileRef = 32E09257232BED3B000F6099 /* Assets.xcassets */; };
		32E0925B232BED3B000F6099 /* LaunchScreen.storyboard in Resources */ = {isa = PBXBuildFile; fileRef = 32E09259232BED3B000F6099 /* LaunchScreen.storyboard */; };
/* End PBXBuildFile section */

/* Begin PBXFileReference section */
		3227912E232D30BE00E089E4 /* CustomSelectionButtons.xib */ = {isa = PBXFileReference; lastKnownFileType = file.xib; path = CustomSelectionButtons.xib; sourceTree = "<group>"; };
		32279130232D313100E089E4 /* CustomSelectionButtonsView.swift */ = {isa = PBXFileReference; lastKnownFileType = sourcecode.swift; path = CustomSelectionButtonsView.swift; sourceTree = "<group>"; };
		3228AEFD232C123700FF43D8 /* NewYorkMedium-HeavyItalic.otf */ = {isa = PBXFileReference; lastKnownFileType = file; path = "NewYorkMedium-HeavyItalic.otf"; sourceTree = "<group>"; };
		3228AEFE232C123800FF43D8 /* NewYorkLarge-RegularItalic.otf */ = {isa = PBXFileReference; lastKnownFileType = file; path = "NewYorkLarge-RegularItalic.otf"; sourceTree = "<group>"; };
		3228AEFF232C123800FF43D8 /* NewYorkSmall-Black.otf */ = {isa = PBXFileReference; lastKnownFileType = file; path = "NewYorkSmall-Black.otf"; sourceTree = "<group>"; };
		3228AF00232C123800FF43D8 /* NewYorkSmall-BlackItalic.otf */ = {isa = PBXFileReference; lastKnownFileType = file; path = "NewYorkSmall-BlackItalic.otf"; sourceTree = "<group>"; };
		3228AF01232C123800FF43D8 /* NewYorkExtraLarge-Heavy.otf */ = {isa = PBXFileReference; lastKnownFileType = file; path = "NewYorkExtraLarge-Heavy.otf"; sourceTree = "<group>"; };
		3228AF02232C123800FF43D8 /* NewYorkExtraLarge-Semibold.otf */ = {isa = PBXFileReference; lastKnownFileType = file; path = "NewYorkExtraLarge-Semibold.otf"; sourceTree = "<group>"; };
		3228AF03232C123800FF43D8 /* NewYorkExtraLarge-Regular.otf */ = {isa = PBXFileReference; lastKnownFileType = file; path = "NewYorkExtraLarge-Regular.otf"; sourceTree = "<group>"; };
		3228AF04232C123800FF43D8 /* NewYorkLarge-SemiboldItalic.otf */ = {isa = PBXFileReference; lastKnownFileType = file; path = "NewYorkLarge-SemiboldItalic.otf"; sourceTree = "<group>"; };
		3228AF05232C123800FF43D8 /* NewYorkLarge-HeavyItalic.otf */ = {isa = PBXFileReference; lastKnownFileType = file; path = "NewYorkLarge-HeavyItalic.otf"; sourceTree = "<group>"; };
		3228AF06232C123800FF43D8 /* NewYorkMedium-Semibold.otf */ = {isa = PBXFileReference; lastKnownFileType = file; path = "NewYorkMedium-Semibold.otf"; sourceTree = "<group>"; };
		3228AF07232C123800FF43D8 /* NewYorkMedium-Heavy.otf */ = {isa = PBXFileReference; lastKnownFileType = file; path = "NewYorkMedium-Heavy.otf"; sourceTree = "<group>"; };
		3228AF08232C123800FF43D8 /* NewYorkExtraLarge-RegularItalic.otf */ = {isa = PBXFileReference; lastKnownFileType = file; path = "NewYorkExtraLarge-RegularItalic.otf"; sourceTree = "<group>"; };
		3228AF09232C123800FF43D8 /* NewYorkLarge-Black.otf */ = {isa = PBXFileReference; lastKnownFileType = file; path = "NewYorkLarge-Black.otf"; sourceTree = "<group>"; };
		3228AF0A232C123900FF43D8 /* NewYorkLarge-Bold.otf */ = {isa = PBXFileReference; lastKnownFileType = file; path = "NewYorkLarge-Bold.otf"; sourceTree = "<group>"; };
		3228AF0B232C123900FF43D8 /* NewYorkLarge-BlackItalic.otf */ = {isa = PBXFileReference; lastKnownFileType = file; path = "NewYorkLarge-BlackItalic.otf"; sourceTree = "<group>"; };
		3228AF0C232C123900FF43D8 /* NewYorkLarge-Regular.otf */ = {isa = PBXFileReference; lastKnownFileType = file; path = "NewYorkLarge-Regular.otf"; sourceTree = "<group>"; };
		3228AF0D232C123900FF43D8 /* NewYorkExtraLarge-HeavyItalic.otf */ = {isa = PBXFileReference; lastKnownFileType = file; path = "NewYorkExtraLarge-HeavyItalic.otf"; sourceTree = "<group>"; };
		3228AF0E232C123900FF43D8 /* NewYorkMedium-Bold.otf */ = {isa = PBXFileReference; lastKnownFileType = file; path = "NewYorkMedium-Bold.otf"; sourceTree = "<group>"; };
		3228AF0F232C123900FF43D8 /* NewYorkMedium-BoldItalic.otf */ = {isa = PBXFileReference; lastKnownFileType = file; path = "NewYorkMedium-BoldItalic.otf"; sourceTree = "<group>"; };
		3228AF10232C123A00FF43D8 /* NewYorkExtraLarge-SemiboldItalic.otf */ = {isa = PBXFileReference; lastKnownFileType = file; path = "NewYorkExtraLarge-SemiboldItalic.otf"; sourceTree = "<group>"; };
		3228AF11232C123A00FF43D8 /* NewYorkMedium-Medium.otf */ = {isa = PBXFileReference; lastKnownFileType = file; path = "NewYorkMedium-Medium.otf"; sourceTree = "<group>"; };
		3228AF12232C123A00FF43D8 /* NewYorkLarge-MediumItalic.otf */ = {isa = PBXFileReference; lastKnownFileType = file; path = "NewYorkLarge-MediumItalic.otf"; sourceTree = "<group>"; };
		3228AF13232C123A00FF43D8 /* NewYorkMedium-MediumItalic.otf */ = {isa = PBXFileReference; lastKnownFileType = file; path = "NewYorkMedium-MediumItalic.otf"; sourceTree = "<group>"; };
		3228AF14232C123A00FF43D8 /* NewYorkLarge-Medium.otf */ = {isa = PBXFileReference; lastKnownFileType = file; path = "NewYorkLarge-Medium.otf"; sourceTree = "<group>"; };
		3228AF15232C123B00FF43D8 /* NewYorkExtraLarge-Medium.otf */ = {isa = PBXFileReference; lastKnownFileType = file; path = "NewYorkExtraLarge-Medium.otf"; sourceTree = "<group>"; };
		3228AF16232C123B00FF43D8 /* NewYorkLarge-Semibold.otf */ = {isa = PBXFileReference; lastKnownFileType = file; path = "NewYorkLarge-Semibold.otf"; sourceTree = "<group>"; };
		3228AF17232C123B00FF43D8 /* NewYorkLarge-BoldItalic.otf */ = {isa = PBXFileReference; lastKnownFileType = file; path = "NewYorkLarge-BoldItalic.otf"; sourceTree = "<group>"; };
		3228AF18232C123B00FF43D8 /* NewYorkMedium-RegularItalic.otf */ = {isa = PBXFileReference; lastKnownFileType = file; path = "NewYorkMedium-RegularItalic.otf"; sourceTree = "<group>"; };
		3228AF19232C123B00FF43D8 /* NewYorkMedium-Regular.otf */ = {isa = PBXFileReference; lastKnownFileType = file; path = "NewYorkMedium-Regular.otf"; sourceTree = "<group>"; };
		3228AF1A232C123B00FF43D8 /* NewYorkSmall-BoldItalic.otf */ = {isa = PBXFileReference; lastKnownFileType = file; path = "NewYorkSmall-BoldItalic.otf"; sourceTree = "<group>"; };
		3228AF1B232C123C00FF43D8 /* NewYorkSmall-Heavy.otf */ = {isa = PBXFileReference; lastKnownFileType = file; path = "NewYorkSmall-Heavy.otf"; sourceTree = "<group>"; };
		3228AF1C232C123C00FF43D8 /* NewYorkSmall-MediumItalic.otf */ = {isa = PBXFileReference; lastKnownFileType = file; path = "NewYorkSmall-MediumItalic.otf"; sourceTree = "<group>"; };
		3228AF1D232C123C00FF43D8 /* NewYorkExtraLarge-BoldItalic.otf */ = {isa = PBXFileReference; lastKnownFileType = file; path = "NewYorkExtraLarge-BoldItalic.otf"; sourceTree = "<group>"; };
		3228AF1E232C123C00FF43D8 /* NewYorkExtraLarge-Black.otf */ = {isa = PBXFileReference; lastKnownFileType = file; path = "NewYorkExtraLarge-Black.otf"; sourceTree = "<group>"; };
		3228AF1F232C123C00FF43D8 /* NewYorkExtraLarge-Bold.otf */ = {isa = PBXFileReference; lastKnownFileType = file; path = "NewYorkExtraLarge-Bold.otf"; sourceTree = "<group>"; };
		3228AF20232C123D00FF43D8 /* NewYorkMedium-Black.otf */ = {isa = PBXFileReference; lastKnownFileType = file; path = "NewYorkMedium-Black.otf"; sourceTree = "<group>"; };
		3228AF21232C123D00FF43D8 /* NewYorkSmall-Bold.otf */ = {isa = PBXFileReference; lastKnownFileType = file; path = "NewYorkSmall-Bold.otf"; sourceTree = "<group>"; };
		3228AF22232C123D00FF43D8 /* NewYorkMedium-BlackItalic.otf */ = {isa = PBXFileReference; lastKnownFileType = file; path = "NewYorkMedium-BlackItalic.otf"; sourceTree = "<group>"; };
		3228AF23232C123D00FF43D8 /* NewYorkSmall-HeavyItalic.otf */ = {isa = PBXFileReference; lastKnownFileType = file; path = "NewYorkSmall-HeavyItalic.otf"; sourceTree = "<group>"; };
		3228AF24232C123D00FF43D8 /* NewYorkSmall-Medium.otf */ = {isa = PBXFileReference; lastKnownFileType = file; path = "NewYorkSmall-Medium.otf"; sourceTree = "<group>"; };
		3228AF25232C123E00FF43D8 /* NewYorkExtraLarge-BlackItalic.otf */ = {isa = PBXFileReference; lastKnownFileType = file; path = "NewYorkExtraLarge-BlackItalic.otf"; sourceTree = "<group>"; };
		3228AF26232C123E00FF43D8 /* NewYorkMedium-SemiboldItalic.otf */ = {isa = PBXFileReference; lastKnownFileType = file; path = "NewYorkMedium-SemiboldItalic.otf"; sourceTree = "<group>"; };
		3228AF27232C123E00FF43D8 /* NewYorkSmall-Regular.otf */ = {isa = PBXFileReference; lastKnownFileType = file; path = "NewYorkSmall-Regular.otf"; sourceTree = "<group>"; };
		3228AF28232C123E00FF43D8 /* NewYorkLarge-Heavy.otf */ = {isa = PBXFileReference; lastKnownFileType = file; path = "NewYorkLarge-Heavy.otf"; sourceTree = "<group>"; };
		3228AF29232C123E00FF43D8 /* NewYorkSmall-RegularItalic.otf */ = {isa = PBXFileReference; lastKnownFileType = file; path = "NewYorkSmall-RegularItalic.otf"; sourceTree = "<group>"; };
		3228AF2A232C123F00FF43D8 /* NewYorkSmall-Semibold.otf */ = {isa = PBXFileReference; lastKnownFileType = file; path = "NewYorkSmall-Semibold.otf"; sourceTree = "<group>"; };
		3228AF2B232C123F00FF43D8 /* NewYorkSmall-SemiboldItalic.otf */ = {isa = PBXFileReference; lastKnownFileType = file; path = "NewYorkSmall-SemiboldItalic.otf"; sourceTree = "<group>"; };
		3228AF2C232C123F00FF43D8 /* NewYorkExtraLarge-MediumItalic.otf */ = {isa = PBXFileReference; lastKnownFileType = file; path = "NewYorkExtraLarge-MediumItalic.otf"; sourceTree = "<group>"; };
		3228AF5E232C133A00FF43D8 /* CustomSelectionButtons.swift */ = {isa = PBXFileReference; lastKnownFileType = sourcecode.swift; path = CustomSelectionButtons.swift; sourceTree = "<group>"; };
		3256DF86234DAF6000CBDE38 /* PopUpViewUI.swift */ = {isa = PBXFileReference; lastKnownFileType = sourcecode.swift; path = PopUpViewUI.swift; sourceTree = "<group>"; };
		3256DF8A234DD11100CBDE38 /* Expenditure.swift */ = {isa = PBXFileReference; lastKnownFileType = sourcecode.swift; path = Expenditure.swift; sourceTree = "<group>"; };
		3272622B2331A3100058D1AA /* SpendingsTableViewCell.swift */ = {isa = PBXFileReference; lastKnownFileType = sourcecode.swift; path = SpendingsTableViewCell.swift; sourceTree = "<group>"; };
		327CBBD523631E6400778914 /* Summary.storyboard */ = {isa = PBXFileReference; lastKnownFileType = file.storyboard; path = Summary.storyboard; sourceTree = "<group>"; };
		327CBBD82363246100778914 /* SummaryViewController.swift */ = {isa = PBXFileReference; lastKnownFileType = sourcecode.swift; path = SummaryViewController.swift; sourceTree = "<group>"; };
		32D0C803234DA15400185EE2 /* PopUpView.swift */ = {isa = PBXFileReference; lastKnownFileType = sourcecode.swift; path = PopUpView.swift; sourceTree = "<group>"; };
		32D0C805234DABF800185EE2 /* PopUpViewUI.xib */ = {isa = PBXFileReference; lastKnownFileType = file.xib; path = PopUpViewUI.xib; sourceTree = "<group>"; };
		32E0924B232BED38000F6099 /* Fund Inc..app */ = {isa = PBXFileReference; explicitFileType = wrapper.application; includeInIndex = 0; path = "Fund Inc..app"; sourceTree = BUILT_PRODUCTS_DIR; };
		32E0924E232BED38000F6099 /* AppDelegate.swift */ = {isa = PBXFileReference; lastKnownFileType = sourcecode.swift; path = AppDelegate.swift; sourceTree = "<group>"; };
		32E09250232BED38000F6099 /* SceneDelegate.swift */ = {isa = PBXFileReference; lastKnownFileType = sourcecode.swift; path = SceneDelegate.swift; sourceTree = "<group>"; };
		32E09252232BED38000F6099 /* ExpenditureViewController.swift */ = {isa = PBXFileReference; lastKnownFileType = sourcecode.swift; path = ExpenditureViewController.swift; sourceTree = "<group>"; };
		32E09255232BED38000F6099 /* Base */ = {isa = PBXFileReference; lastKnownFileType = file.storyboard; name = Base; path = Base.lproj/Main.storyboard; sourceTree = "<group>"; };
		32E09257232BED3B000F6099 /* Assets.xcassets */ = {isa = PBXFileReference; lastKnownFileType = folder.assetcatalog; path = Assets.xcassets; sourceTree = "<group>"; };
		32E0925A232BED3B000F6099 /* Base */ = {isa = PBXFileReference; lastKnownFileType = file.storyboard; name = Base; path = Base.lproj/LaunchScreen.storyboard; sourceTree = "<group>"; };
		32E0925C232BED3B000F6099 /* Info.plist */ = {isa = PBXFileReference; explicitFileType = text.plist.info; path = Info.plist; sourceTree = "<group>"; };
/* End PBXFileReference section */

/* Begin PBXFrameworksBuildPhase section */
		32E09248232BED38000F6099 /* Frameworks */ = {
			isa = PBXFrameworksBuildPhase;
			buildActionMask = 2147483647;
			files = (
			);
			runOnlyForDeploymentPostprocessing = 0;
		};
/* End PBXFrameworksBuildPhase section */

/* Begin PBXGroup section */
		3228AF5D232C125100FF43D8 /* New York Typeface */ = {
			isa = PBXGroup;
			children = (
				3228AF1E232C123C00FF43D8 /* NewYorkExtraLarge-Black.otf */,
				3228AF25232C123E00FF43D8 /* NewYorkExtraLarge-BlackItalic.otf */,
				3228AF1F232C123C00FF43D8 /* NewYorkExtraLarge-Bold.otf */,
				3228AF1D232C123C00FF43D8 /* NewYorkExtraLarge-BoldItalic.otf */,
				3228AF01232C123800FF43D8 /* NewYorkExtraLarge-Heavy.otf */,
				3228AF0D232C123900FF43D8 /* NewYorkExtraLarge-HeavyItalic.otf */,
				3228AF15232C123B00FF43D8 /* NewYorkExtraLarge-Medium.otf */,
				3228AF2C232C123F00FF43D8 /* NewYorkExtraLarge-MediumItalic.otf */,
				3228AF03232C123800FF43D8 /* NewYorkExtraLarge-Regular.otf */,
				3228AF08232C123800FF43D8 /* NewYorkExtraLarge-RegularItalic.otf */,
				3228AF02232C123800FF43D8 /* NewYorkExtraLarge-Semibold.otf */,
				3228AF10232C123A00FF43D8 /* NewYorkExtraLarge-SemiboldItalic.otf */,
				3228AF09232C123800FF43D8 /* NewYorkLarge-Black.otf */,
				3228AF0B232C123900FF43D8 /* NewYorkLarge-BlackItalic.otf */,
				3228AF0A232C123900FF43D8 /* NewYorkLarge-Bold.otf */,
				3228AF17232C123B00FF43D8 /* NewYorkLarge-BoldItalic.otf */,
				3228AF28232C123E00FF43D8 /* NewYorkLarge-Heavy.otf */,
				3228AF05232C123800FF43D8 /* NewYorkLarge-HeavyItalic.otf */,
				3228AF14232C123A00FF43D8 /* NewYorkLarge-Medium.otf */,
				3228AF12232C123A00FF43D8 /* NewYorkLarge-MediumItalic.otf */,
				3228AF0C232C123900FF43D8 /* NewYorkLarge-Regular.otf */,
				3228AEFE232C123800FF43D8 /* NewYorkLarge-RegularItalic.otf */,
				3228AF16232C123B00FF43D8 /* NewYorkLarge-Semibold.otf */,
				3228AF04232C123800FF43D8 /* NewYorkLarge-SemiboldItalic.otf */,
				3228AF20232C123D00FF43D8 /* NewYorkMedium-Black.otf */,
				3228AF22232C123D00FF43D8 /* NewYorkMedium-BlackItalic.otf */,
				3228AF0E232C123900FF43D8 /* NewYorkMedium-Bold.otf */,
				3228AF0F232C123900FF43D8 /* NewYorkMedium-BoldItalic.otf */,
				3228AF07232C123800FF43D8 /* NewYorkMedium-Heavy.otf */,
				3228AEFD232C123700FF43D8 /* NewYorkMedium-HeavyItalic.otf */,
				3228AF11232C123A00FF43D8 /* NewYorkMedium-Medium.otf */,
				3228AF13232C123A00FF43D8 /* NewYorkMedium-MediumItalic.otf */,
				3228AF19232C123B00FF43D8 /* NewYorkMedium-Regular.otf */,
				3228AF18232C123B00FF43D8 /* NewYorkMedium-RegularItalic.otf */,
				3228AF06232C123800FF43D8 /* NewYorkMedium-Semibold.otf */,
				3228AF26232C123E00FF43D8 /* NewYorkMedium-SemiboldItalic.otf */,
				3228AEFF232C123800FF43D8 /* NewYorkSmall-Black.otf */,
				3228AF00232C123800FF43D8 /* NewYorkSmall-BlackItalic.otf */,
				3228AF21232C123D00FF43D8 /* NewYorkSmall-Bold.otf */,
				3228AF1A232C123B00FF43D8 /* NewYorkSmall-BoldItalic.otf */,
				3228AF1B232C123C00FF43D8 /* NewYorkSmall-Heavy.otf */,
				3228AF23232C123D00FF43D8 /* NewYorkSmall-HeavyItalic.otf */,
				3228AF24232C123D00FF43D8 /* NewYorkSmall-Medium.otf */,
				3228AF1C232C123C00FF43D8 /* NewYorkSmall-MediumItalic.otf */,
				3228AF27232C123E00FF43D8 /* NewYorkSmall-Regular.otf */,
				3228AF29232C123E00FF43D8 /* NewYorkSmall-RegularItalic.otf */,
				3228AF2A232C123F00FF43D8 /* NewYorkSmall-Semibold.otf */,
				3228AF2B232C123F00FF43D8 /* NewYorkSmall-SemiboldItalic.otf */,
			);
			path = "New York Typeface";
			sourceTree = "<group>";
		};
		3228AF60232C134800FF43D8 /* Expenditure VC */ = {
			isa = PBXGroup;
			children = (
				32E09252232BED38000F6099 /* ExpenditureViewController.swift */,
				3272622B2331A3100058D1AA /* SpendingsTableViewCell.swift */,
			);
			path = "Expenditure VC";
			sourceTree = "<group>";
		};
		3256DF89234DD0E700CBDE38 /* Persistency */ = {
			isa = PBXGroup;
			children = (
				3256DF8A234DD11100CBDE38 /* Expenditure.swift */,
			);
			path = Persistency;
			sourceTree = "<group>";
		};
		327CBBD72363244700778914 /* Summary */ = {
			isa = PBXGroup;
			children = (
				327CBBD523631E6400778914 /* Summary.storyboard */,
				327CBBD82363246100778914 /* SummaryViewController.swift */,
			);
			path = Summary;
			sourceTree = "<group>";
		};
		32B5AF1E232CFF03000DB23F /* Custom Selection Button */ = {
			isa = PBXGroup;
			children = (
				3228AF5E232C133A00FF43D8 /* CustomSelectionButtons.swift */,
				32279130232D313100E089E4 /* CustomSelectionButtonsView.swift */,
				3227912E232D30BE00E089E4 /* CustomSelectionButtons.xib */,
			);
			path = "Custom Selection Button";
			sourceTree = "<group>";
		};
		32D0C801234DA11600185EE2 /* Pop Up View */ = {
			isa = PBXGroup;
			children = (
				32D0C803234DA15400185EE2 /* PopUpView.swift */,
				32D0C805234DABF800185EE2 /* PopUpViewUI.xib */,
				3256DF86234DAF6000CBDE38 /* PopUpViewUI.swift */,
			);
			path = "Pop Up View";
			sourceTree = "<group>";
		};
		32D0C802234DA13C00185EE2 /* Custom Segmented Control */ = {
			isa = PBXGroup;
			children = (
			);
			path = "Custom Segmented Control";
			sourceTree = "<group>";
		};
		32E09242232BED38000F6099 = {
			isa = PBXGroup;
			children = (
				32E0924D232BED38000F6099 /* Fund Inc. */,
				32E0924C232BED38000F6099 /* Products */,
			);
			sourceTree = "<group>";
		};
		32E0924C232BED38000F6099 /* Products */ = {
			isa = PBXGroup;
			children = (
				32E0924B232BED38000F6099 /* Fund Inc..app */,
			);
			name = Products;
			sourceTree = "<group>";
		};
		32E0924D232BED38000F6099 /* Fund Inc. */ = {
			isa = PBXGroup;
			children = (
				32E0924E232BED38000F6099 /* AppDelegate.swift */,
				32E09250232BED38000F6099 /* SceneDelegate.swift */,
				3256DF89234DD0E700CBDE38 /* Persistency */,
				32D0C802234DA13C00185EE2 /* Custom Segmented Control */,
				32D0C801234DA11600185EE2 /* Pop Up View */,
				32B5AF1E232CFF03000DB23F /* Custom Selection Button */,
				3228AF60232C134800FF43D8 /* Expenditure VC */,
				32E09254232BED38000F6099 /* Main.storyboard */,
				327CBBD72363244700778914 /* Summary */,
				3228AF5D232C125100FF43D8 /* New York Typeface */,
				32E09257232BED3B000F6099 /* Assets.xcassets */,
				32E09259232BED3B000F6099 /* LaunchScreen.storyboard */,
				32E0925C232BED3B000F6099 /* Info.plist */,
			);
			path = "Fund Inc.";
			sourceTree = "<group>";
		};
/* End PBXGroup section */

/* Begin PBXNativeTarget section */
		32E0924A232BED38000F6099 /* Fund Inc. */ = {
			isa = PBXNativeTarget;
			buildConfigurationList = 32E0925F232BED3B000F6099 /* Build configuration list for PBXNativeTarget "Fund Inc." */;
			buildPhases = (
				32E09247232BED38000F6099 /* Sources */,
				32E09248232BED38000F6099 /* Frameworks */,
				32E09249232BED38000F6099 /* Resources */,
			);
			buildRules = (
			);
			dependencies = (
			);
			name = "Fund Inc.";
			productName = "Fund Inc.";
			productReference = 32E0924B232BED38000F6099 /* Fund Inc..app */;
			productType = "com.apple.product-type.application";
		};
/* End PBXNativeTarget section */

/* Begin PBXProject section */
		32E09243232BED38000F6099 /* Project object */ = {
			isa = PBXProject;
			attributes = {
				LastSwiftUpdateCheck = 1100;
				LastUpgradeCheck = 1100;
				ORGANIZATIONNAME = "Swift Innovators' Summit";
				TargetAttributes = {
					32E0924A232BED38000F6099 = {
						CreatedOnToolsVersion = 11.0;
					};
				};
			};
			buildConfigurationList = 32E09246232BED38000F6099 /* Build configuration list for PBXProject "Fund Inc." */;
			compatibilityVersion = "Xcode 9.3";
			developmentRegion = en;
			hasScannedForEncodings = 0;
			knownRegions = (
				en,
				Base,
			);
			mainGroup = 32E09242232BED38000F6099;
			productRefGroup = 32E0924C232BED38000F6099 /* Products */;
			projectDirPath = "";
			projectRoot = "";
			targets = (
				32E0924A232BED38000F6099 /* Fund Inc. */,
			);
		};
/* End PBXProject section */

/* Begin PBXResourcesBuildPhase section */
		32E09249232BED38000F6099 /* Resources */ = {
			isa = PBXResourcesBuildPhase;
			buildActionMask = 2147483647;
			files = (
				3228AF2D232C124000FF43D8 /* NewYorkMedium-HeavyItalic.otf in Resources */,
				3228AF42232C124000FF43D8 /* NewYorkLarge-MediumItalic.otf in Resources */,
				3228AF59232C124000FF43D8 /* NewYorkSmall-RegularItalic.otf in Resources */,
				3228AF54232C124000FF43D8 /* NewYorkSmall-Medium.otf in Resources */,
				3228AF3F232C124000FF43D8 /* NewYorkMedium-BoldItalic.otf in Resources */,
				3228AF4F232C124000FF43D8 /* NewYorkExtraLarge-Bold.otf in Resources */,
				3228AF43232C124000FF43D8 /* NewYorkMedium-MediumItalic.otf in Resources */,
				3228AF44232C124000FF43D8 /* NewYorkLarge-Medium.otf in Resources */,
				3228AF39232C124000FF43D8 /* NewYorkLarge-Black.otf in Resources */,
				3228AF35232C124000FF43D8 /* NewYorkLarge-HeavyItalic.otf in Resources */,
				3228AF3B232C124000FF43D8 /* NewYorkLarge-BlackItalic.otf in Resources */,
				3228AF30232C124000FF43D8 /* NewYorkSmall-BlackItalic.otf in Resources */,
				3228AF31232C124000FF43D8 /* NewYorkExtraLarge-Heavy.otf in Resources */,
				3228AF38232C124000FF43D8 /* NewYorkExtraLarge-RegularItalic.otf in Resources */,
				3228AF56232C124000FF43D8 /* NewYorkMedium-SemiboldItalic.otf in Resources */,
				3228AF36232C124000FF43D8 /* NewYorkMedium-Semibold.otf in Resources */,
				3228AF3A232C124000FF43D8 /* NewYorkLarge-Bold.otf in Resources */,
				3228AF46232C124000FF43D8 /* NewYorkLarge-Semibold.otf in Resources */,
				3228AF5C232C124000FF43D8 /* NewYorkExtraLarge-MediumItalic.otf in Resources */,
				32E0925B232BED3B000F6099 /* LaunchScreen.storyboard in Resources */,
				3228AF4A232C124000FF43D8 /* NewYorkSmall-BoldItalic.otf in Resources */,
				3228AF40232C124000FF43D8 /* NewYorkExtraLarge-SemiboldItalic.otf in Resources */,
				3228AF4E232C124000FF43D8 /* NewYorkExtraLarge-Black.otf in Resources */,
				3228AF4C232C124000FF43D8 /* NewYorkSmall-MediumItalic.otf in Resources */,
				3228AF3D232C124000FF43D8 /* NewYorkExtraLarge-HeavyItalic.otf in Resources */,
				3228AF2E232C124000FF43D8 /* NewYorkLarge-RegularItalic.otf in Resources */,
				3228AF34232C124000FF43D8 /* NewYorkLarge-SemiboldItalic.otf in Resources */,
				3228AF33232C124000FF43D8 /* NewYorkExtraLarge-Regular.otf in Resources */,
				3228AF45232C124000FF43D8 /* NewYorkExtraLarge-Medium.otf in Resources */,
				32E09258232BED3B000F6099 /* Assets.xcassets in Resources */,
				327CBBD623631E6400778914 /* Summary.storyboard in Resources */,
				3228AF51232C124000FF43D8 /* NewYorkSmall-Bold.otf in Resources */,
				3228AF37232C124000FF43D8 /* NewYorkMedium-Heavy.otf in Resources */,
				3228AF3C232C124000FF43D8 /* NewYorkLarge-Regular.otf in Resources */,
				3228AF55232C124000FF43D8 /* NewYorkExtraLarge-BlackItalic.otf in Resources */,
				32D0C806234DABF800185EE2 /* PopUpViewUI.xib in Resources */,
				3228AF4D232C124000FF43D8 /* NewYorkExtraLarge-BoldItalic.otf in Resources */,
				3228AF3E232C124000FF43D8 /* NewYorkMedium-Bold.otf in Resources */,
				3228AF5A232C124000FF43D8 /* NewYorkSmall-Semibold.otf in Resources */,
				32E09256232BED38000F6099 /* Main.storyboard in Resources */,
				3228AF41232C124000FF43D8 /* NewYorkMedium-Medium.otf in Resources */,
				3228AF50232C124000FF43D8 /* NewYorkMedium-Black.otf in Resources */,
				3228AF2F232C124000FF43D8 /* NewYorkSmall-Black.otf in Resources */,
				3228AF4B232C124000FF43D8 /* NewYorkSmall-Heavy.otf in Resources */,
				3228AF47232C124000FF43D8 /* NewYorkLarge-BoldItalic.otf in Resources */,
				3228AF48232C124000FF43D8 /* NewYorkMedium-RegularItalic.otf in Resources */,
				3228AF32232C124000FF43D8 /* NewYorkExtraLarge-Semibold.otf in Resources */,
				3228AF5B232C124000FF43D8 /* NewYorkSmall-SemiboldItalic.otf in Resources */,
				3228AF53232C124000FF43D8 /* NewYorkSmall-HeavyItalic.otf in Resources */,
				3227912F232D30BE00E089E4 /* CustomSelectionButtons.xib in Resources */,
				3228AF49232C124000FF43D8 /* NewYorkMedium-Regular.otf in Resources */,
				3228AF58232C124000FF43D8 /* NewYorkLarge-Heavy.otf in Resources */,
				3228AF57232C124000FF43D8 /* NewYorkSmall-Regular.otf in Resources */,
				3228AF52232C124000FF43D8 /* NewYorkMedium-BlackItalic.otf in Resources */,
			);
			runOnlyForDeploymentPostprocessing = 0;
		};
/* End PBXResourcesBuildPhase section */

/* Begin PBXSourcesBuildPhase section */
		32E09247232BED38000F6099 /* Sources */ = {
			isa = PBXSourcesBuildPhase;
			buildActionMask = 2147483647;
			files = (
				32D0C804234DA15400185EE2 /* PopUpView.swift in Sources */,
				3256DF87234DAF6000CBDE38 /* PopUpViewUI.swift in Sources */,
				3256DF8B234DD11100CBDE38 /* Expenditure.swift in Sources */,
				32279131232D313100E089E4 /* CustomSelectionButtonsView.swift in Sources */,
				3272622C2331A3100058D1AA /* SpendingsTableViewCell.swift in Sources */,
				32E09253232BED38000F6099 /* ExpenditureViewController.swift in Sources */,
				32E0924F232BED38000F6099 /* AppDelegate.swift in Sources */,
				32E09251232BED38000F6099 /* SceneDelegate.swift in Sources */,
				3228AF5F232C133A00FF43D8 /* CustomSelectionButtons.swift in Sources */,
				327CBBD92363246100778914 /* SummaryViewController.swift in Sources */,
			);
			runOnlyForDeploymentPostprocessing = 0;
		};
/* End PBXSourcesBuildPhase section */

/* Begin PBXVariantGroup section */
		32E09254232BED38000F6099 /* Main.storyboard */ = {
			isa = PBXVariantGroup;
			children = (
				32E09255232BED38000F6099 /* Base */,
			);
			name = Main.storyboard;
			sourceTree = "<group>";
		};
		32E09259232BED3B000F6099 /* LaunchScreen.storyboard */ = {
			isa = PBXVariantGroup;
			children = (
				32E0925A232BED3B000F6099 /* Base */,
			);
			name = LaunchScreen.storyboard;
			sourceTree = "<group>";
		};
/* End PBXVariantGroup section */

/* Begin XCBuildConfiguration section */
		32E0925D232BED3B000F6099 /* Debug */ = {
			isa = XCBuildConfiguration;
			buildSettings = {
				ALWAYS_SEARCH_USER_PATHS = NO;
				CLANG_ANALYZER_NONNULL = YES;
				CLANG_ANALYZER_NUMBER_OBJECT_CONVERSION = YES_AGGRESSIVE;
				CLANG_CXX_LANGUAGE_STANDARD = "gnu++14";
				CLANG_CXX_LIBRARY = "libc++";
				CLANG_ENABLE_MODULES = YES;
				CLANG_ENABLE_OBJC_ARC = YES;
				CLANG_ENABLE_OBJC_WEAK = YES;
				CLANG_WARN_BLOCK_CAPTURE_AUTORELEASING = YES;
				CLANG_WARN_BOOL_CONVERSION = YES;
				CLANG_WARN_COMMA = YES;
				CLANG_WARN_CONSTANT_CONVERSION = YES;
				CLANG_WARN_DEPRECATED_OBJC_IMPLEMENTATIONS = YES;
				CLANG_WARN_DIRECT_OBJC_ISA_USAGE = YES_ERROR;
				CLANG_WARN_DOCUMENTATION_COMMENTS = YES;
				CLANG_WARN_EMPTY_BODY = YES;
				CLANG_WARN_ENUM_CONVERSION = YES;
				CLANG_WARN_INFINITE_RECURSION = YES;
				CLANG_WARN_INT_CONVERSION = YES;
				CLANG_WARN_NON_LITERAL_NULL_CONVERSION = YES;
				CLANG_WARN_OBJC_IMPLICIT_RETAIN_SELF = YES;
				CLANG_WARN_OBJC_LITERAL_CONVERSION = YES;
				CLANG_WARN_OBJC_ROOT_CLASS = YES_ERROR;
				CLANG_WARN_RANGE_LOOP_ANALYSIS = YES;
				CLANG_WARN_STRICT_PROTOTYPES = YES;
				CLANG_WARN_SUSPICIOUS_MOVE = YES;
				CLANG_WARN_UNGUARDED_AVAILABILITY = YES_AGGRESSIVE;
				CLANG_WARN_UNREACHABLE_CODE = YES;
				CLANG_WARN__DUPLICATE_METHOD_MATCH = YES;
				COPY_PHASE_STRIP = NO;
				DEBUG_INFORMATION_FORMAT = dwarf;
				ENABLE_STRICT_OBJC_MSGSEND = YES;
				ENABLE_TESTABILITY = YES;
				GCC_C_LANGUAGE_STANDARD = gnu11;
				GCC_DYNAMIC_NO_PIC = NO;
				GCC_NO_COMMON_BLOCKS = YES;
				GCC_OPTIMIZATION_LEVEL = 0;
				GCC_PREPROCESSOR_DEFINITIONS = (
					"DEBUG=1",
					"$(inherited)",
				);
				GCC_WARN_64_TO_32_BIT_CONVERSION = YES;
				GCC_WARN_ABOUT_RETURN_TYPE = YES_ERROR;
				GCC_WARN_UNDECLARED_SELECTOR = YES;
				GCC_WARN_UNINITIALIZED_AUTOS = YES_AGGRESSIVE;
				GCC_WARN_UNUSED_FUNCTION = YES;
				GCC_WARN_UNUSED_VARIABLE = YES;
				IPHONEOS_DEPLOYMENT_TARGET = 13.0;
				MTL_ENABLE_DEBUG_INFO = INCLUDE_SOURCE;
				MTL_FAST_MATH = YES;
				ONLY_ACTIVE_ARCH = YES;
				SDKROOT = iphoneos;
				SWIFT_ACTIVE_COMPILATION_CONDITIONS = DEBUG;
				SWIFT_OPTIMIZATION_LEVEL = "-Onone";
			};
			name = Debug;
		};
		32E0925E232BED3B000F6099 /* Release */ = {
			isa = XCBuildConfiguration;
			buildSettings = {
				ALWAYS_SEARCH_USER_PATHS = NO;
				CLANG_ANALYZER_NONNULL = YES;
				CLANG_ANALYZER_NUMBER_OBJECT_CONVERSION = YES_AGGRESSIVE;
				CLANG_CXX_LANGUAGE_STANDARD = "gnu++14";
				CLANG_CXX_LIBRARY = "libc++";
				CLANG_ENABLE_MODULES = YES;
				CLANG_ENABLE_OBJC_ARC = YES;
				CLANG_ENABLE_OBJC_WEAK = YES;
				CLANG_WARN_BLOCK_CAPTURE_AUTORELEASING = YES;
				CLANG_WARN_BOOL_CONVERSION = YES;
				CLANG_WARN_COMMA = YES;
				CLANG_WARN_CONSTANT_CONVERSION = YES;
				CLANG_WARN_DEPRECATED_OBJC_IMPLEMENTATIONS = YES;
				CLANG_WARN_DIRECT_OBJC_ISA_USAGE = YES_ERROR;
				CLANG_WARN_DOCUMENTATION_COMMENTS = YES;
				CLANG_WARN_EMPTY_BODY = YES;
				CLANG_WARN_ENUM_CONVERSION = YES;
				CLANG_WARN_INFINITE_RECURSION = YES;
				CLANG_WARN_INT_CONVERSION = YES;
				CLANG_WARN_NON_LITERAL_NULL_CONVERSION = YES;
				CLANG_WARN_OBJC_IMPLICIT_RETAIN_SELF = YES;
				CLANG_WARN_OBJC_LITERAL_CONVERSION = YES;
				CLANG_WARN_OBJC_ROOT_CLASS = YES_ERROR;
				CLANG_WARN_RANGE_LOOP_ANALYSIS = YES;
				CLANG_WARN_STRICT_PROTOTYPES = YES;
				CLANG_WARN_SUSPICIOUS_MOVE = YES;
				CLANG_WARN_UNGUARDED_AVAILABILITY = YES_AGGRESSIVE;
				CLANG_WARN_UNREACHABLE_CODE = YES;
				CLANG_WARN__DUPLICATE_METHOD_MATCH = YES;
				COPY_PHASE_STRIP = NO;
				DEBUG_INFORMATION_FORMAT = "dwarf-with-dsym";
				ENABLE_NS_ASSERTIONS = NO;
				ENABLE_STRICT_OBJC_MSGSEND = YES;
				GCC_C_LANGUAGE_STANDARD = gnu11;
				GCC_NO_COMMON_BLOCKS = YES;
				GCC_WARN_64_TO_32_BIT_CONVERSION = YES;
				GCC_WARN_ABOUT_RETURN_TYPE = YES_ERROR;
				GCC_WARN_UNDECLARED_SELECTOR = YES;
				GCC_WARN_UNINITIALIZED_AUTOS = YES_AGGRESSIVE;
				GCC_WARN_UNUSED_FUNCTION = YES;
				GCC_WARN_UNUSED_VARIABLE = YES;
				IPHONEOS_DEPLOYMENT_TARGET = 13.0;
				MTL_ENABLE_DEBUG_INFO = NO;
				MTL_FAST_MATH = YES;
				SDKROOT = iphoneos;
				SWIFT_COMPILATION_MODE = wholemodule;
				SWIFT_OPTIMIZATION_LEVEL = "-O";
				VALIDATE_PRODUCT = YES;
			};
			name = Release;
		};
		32E09260232BED3B000F6099 /* Debug */ = {
			isa = XCBuildConfiguration;
			buildSettings = {
				ASSETCATALOG_COMPILER_APPICON_NAME = AppIcon;
				CODE_SIGN_STYLE = Automatic;
				DEVELOPMENT_TEAM = XL5JK4F896;
				INFOPLIST_FILE = "Fund Inc./Info.plist";
				LD_RUNPATH_SEARCH_PATHS = (
					"$(inherited)",
					"@executable_path/Frameworks",
				);
				PRODUCT_BUNDLE_IDENTIFIER = "org.swiftinsg.Fund-Inc";
				PRODUCT_NAME = "$(TARGET_NAME)";
				SWIFT_VERSION = 5.0;
				TARGETED_DEVICE_FAMILY = "1,2";
			};
			name = Debug;
		};
		32E09261232BED3B000F6099 /* Release */ = {
			isa = XCBuildConfiguration;
			buildSettings = {
				ASSETCATALOG_COMPILER_APPICON_NAME = AppIcon;
				CODE_SIGN_STYLE = Automatic;
				DEVELOPMENT_TEAM = XL5JK4F896;
				INFOPLIST_FILE = "Fund Inc./Info.plist";
				LD_RUNPATH_SEARCH_PATHS = (
					"$(inherited)",
					"@executable_path/Frameworks",
				);
				PRODUCT_BUNDLE_IDENTIFIER = "org.swiftinsg.Fund-Inc";
				PRODUCT_NAME = "$(TARGET_NAME)";
				SWIFT_VERSION = 5.0;
				TARGETED_DEVICE_FAMILY = "1,2";
			};
			name = Release;
		};
/* End XCBuildConfiguration section */

/* Begin XCConfigurationList section */
		32E09246232BED38000F6099 /* Build configuration list for PBXProject "Fund Inc." */ = {
			isa = XCConfigurationList;
			buildConfigurations = (
				32E0925D232BED3B000F6099 /* Debug */,
				32E0925E232BED3B000F6099 /* Release */,
			);
			defaultConfigurationIsVisible = 0;
			defaultConfigurationName = Release;
		};
		32E0925F232BED3B000F6099 /* Build configuration list for PBXNativeTarget "Fund Inc." */ = {
			isa = XCConfigurationList;
			buildConfigurations = (
				32E09260232BED3B000F6099 /* Debug */,
				32E09261232BED3B000F6099 /* Release */,
			);
			defaultConfigurationIsVisible = 0;
			defaultConfigurationName = Release;
		};
/* End XCConfigurationList section */
	};
	rootObject = 32E09243232BED38000F6099 /* Project object */;
}
